{
  "lockfile_version": "1",
  "packages": {
    "hugo@latest": {
      "last_modified": "2024-09-12T11:58:09Z",
      "resolved": "github:NixOS/nixpkgs/280db3decab4cbeb22a4599bd472229ab74d25e1#hugo",
      "source": "devbox-search",
      "version": "0.134.0",
      "systems": {
        "aarch64-darwin": {
          "outputs": [
            {
              "name": "out",
              "path": "/nix/store/cg2wqw4mzvir71z0k3hppd9q2xnb9naq-hugo-0.134.0",
              "default": true
            }
          ],
          "store_path": "/nix/store/cg2wqw4mzvir71z0k3hppd9q2xnb9naq-hugo-0.134.0"
        },
        "aarch64-linux": {
          "outputs": [
            {
              "name": "out",
              "path": "/nix/store/glb59a5v6g7xkd483wmimlil92wivfb3-hugo-0.134.0",
              "default": true
            }
          ],
          "store_path": "/nix/store/glb59a5v6g7xkd483wmimlil92wivfb3-hugo-0.134.0"
        },
        "x86_64-darwin": {
          "outputs": [
            {
              "name": "out",
              "path": "/nix/store/0l3fjkvcq0f54834xl6x18vnxz0smfnk-hugo-0.134.0",
              "default": true
            }
          ],
          "store_path": "/nix/store/0l3fjkvcq0f54834xl6x18vnxz0smfnk-hugo-0.134.0"
        },
        "x86_64-linux": {
          "outputs": [
            {
              "name": "out",
              "path": "/nix/store/afpjhfv8dbym6kd24wpgj2y8r3cxfiny-hugo-0.134.0",
              "default": true
            }
          ],
          "store_path": "/nix/store/afpjhfv8dbym6kd24wpgj2y8r3cxfiny-hugo-0.134.0"
        }
      }
    }
  }
}
